
Microsoft Visual Studio Solution File, Format Version 12.00
# Visual Studio Version 16
VisualStudioVersion = 16.0.29613.14
MinimumVisualStudioVersion = 10.0.40219.1
Project("{FAE04EC0-301F-11D3-BF4B-00C04F79EFBC}") = "Prim's Algorithm", "Prim's Algorithm\Prim's Algorithm.csproj", "{87629BC4-0C62-4EDE-ABCC-F0DC2ED9705E}"
EndProject
Global
	GlobalSection(SolutionConfigurationPlatforms) = preSolution
		Debug|Any CPU = Debug|Any CPU
		Release|Any CPU = Release|Any CPU
	EndGlobalSection
	GlobalSection(ProjectConfigurationPlatforms) = postSolution
		{87629BC4-0C62-4EDE-ABCC-F0DC2ED9705E}.Debug|Any CPU.ActiveCfg = Debug|Any CPU
		{87629BC4-0C62-4EDE-ABCC-F0DC2ED9705E}.Debug|Any CPU.Build.0 = Debug|Any CPU
		{87629BC4-0C62-4EDE-ABCC-F0DC2ED9705E}.Release|Any CPU.ActiveCfg = Release|Any CPU
		{87629BC4-0C62-4EDE-ABCC-F0DC2ED9705E}.Release|Any CPU.Build.0 = Release|Any CPU
	EndGlobalSection
	GlobalSection(SolutionProperties) = preSolution
		HideSolutionNode = FALSE
	EndGlobalSection
	GlobalSection(ExtensibilityGlobals) = postSolution
		SolutionGuid = {25D93F1F-5AD6-424C-B720-0A9A25BF13EB}
	EndGlobalSection
EndGlobal
